
Microsoft Visual Studio Solution File, Format Version 12.00
# Visual Studio Version 17
VisualStudioVersion = 17.8.34511.84
MinimumVisualStudioVersion = 10.0.40219.1
Project("{2150E333-8FDC-42A3-9474-1A3956D46DE8}") = "0 - Tests", "0 - Tests", "{B1984770-5FA1-4F36-AC00-94463C0E519C}"
EndProject
Project("{2150E333-8FDC-42A3-9474-1A3956D46DE8}") = "2 - Infra", "2 - Infra", "{22F9BD33-8255-476E-91DE-5E3D73995530}"
EndProject
Project("{2150E333-8FDC-42A3-9474-1A3956D46DE8}") = "3 - TestLink", "3 - TestLink", "{073041EA-90DF-4EB8-9FE9-F4709BD431B3}"
EndProject
Project("{9A19103F-16F7-4668-BE54-9A1E7A4F7556}") = "TestAutomatation.SiteChacara", "TestAutomatation.SiteChacara\TestAutomatation.SiteChacara.csproj", "{4B269239-6BFA-4739-BCCA-D3C975220324}"
EndProject
Project("{9A19103F-16F7-4668-BE54-9A1E7A4F7556}") = "TestAutomatation.Logs.DAL", "TestAutomatation.Logs.DAL\TestAutomatation.Logs.DAL.csproj", "{9D51609C-A10D-4A42-9DC9-063581A0B845}"
EndProject
Project("{9A19103F-16F7-4668-BE54-9A1E7A4F7556}") = "TestAutomatation.TestLinkIntegration", "TestAutomatation.TestLinkIntegration\TestAutomatation.TestLinkIntegration.csproj", "{A1BD805E-9F35-4474-B0A7-5F6B25F07106}"
EndProject
Global
	GlobalSection(SolutionConfigurationPlatforms) = preSolution
		Debug|Any CPU = Debug|Any CPU
		Release|Any CPU = Release|Any CPU
	EndGlobalSection
	GlobalSection(ProjectConfigurationPlatforms) = postSolution
		{4B269239-6BFA-4739-BCCA-D3C975220324}.Debug|Any CPU.ActiveCfg = Debug|Any CPU
		{4B269239-6BFA-4739-BCCA-D3C975220324}.Debug|Any CPU.Build.0 = Debug|Any CPU
		{4B269239-6BFA-4739-BCCA-D3C975220324}.Release|Any CPU.ActiveCfg = Release|Any CPU
		{4B269239-6BFA-4739-BCCA-D3C975220324}.Release|Any CPU.Build.0 = Release|Any CPU
		{9D51609C-A10D-4A42-9DC9-063581A0B845}.Debug|Any CPU.ActiveCfg = Debug|Any CPU
		{9D51609C-A10D-4A42-9DC9-063581A0B845}.Debug|Any CPU.Build.0 = Debug|Any CPU
		{9D51609C-A10D-4A42-9DC9-063581A0B845}.Release|Any CPU.ActiveCfg = Release|Any CPU
		{9D51609C-A10D-4A42-9DC9-063581A0B845}.Release|Any CPU.Build.0 = Release|Any CPU
		{A1BD805E-9F35-4474-B0A7-5F6B25F07106}.Debug|Any CPU.ActiveCfg = Debug|Any CPU
		{A1BD805E-9F35-4474-B0A7-5F6B25F07106}.Debug|Any CPU.Build.0 = Debug|Any CPU
		{A1BD805E-9F35-4474-B0A7-5F6B25F07106}.Release|Any CPU.ActiveCfg = Release|Any CPU
		{A1BD805E-9F35-4474-B0A7-5F6B25F07106}.Release|Any CPU.Build.0 = Release|Any CPU
	EndGlobalSection
	GlobalSection(SolutionProperties) = preSolution
		HideSolutionNode = FALSE
	EndGlobalSection
	GlobalSection(NestedProjects) = preSolution
		{4B269239-6BFA-4739-BCCA-D3C975220324} = {B1984770-5FA1-4F36-AC00-94463C0E519C}
		{9D51609C-A10D-4A42-9DC9-063581A0B845} = {22F9BD33-8255-476E-91DE-5E3D73995530}
		{A1BD805E-9F35-4474-B0A7-5F6B25F07106} = {073041EA-90DF-4EB8-9FE9-F4709BD431B3}
	EndGlobalSection
	GlobalSection(ExtensibilityGlobals) = postSolution
		SolutionGuid = {FC6AFC49-5442-429E-A14F-4D2899A24B01}
	EndGlobalSection
EndGlobal
